
Microsoft Visual Studio Solution File, Format Version 12.00
# Visual Studio 2012
Project("{8BC9CEB8-8B4A-11D0-8D11-00A0C91BC942}") = "threadPool", "threadPool\threadPool.vcxproj", "{B6D6A2F2-40FC-4A68-91EC-5FC42F807111}"
EndProject
Global
	GlobalSection(SolutionConfigurationPlatforms) = preSolution
		Debug|Win32 = Debug|Win32
		Release|Win32 = Release|Win32
	EndGlobalSection
	GlobalSection(ProjectConfigurationPlatforms) = postSolution
		{B6D6A2F2-40FC-4A68-91EC-5FC42F807111}.Debug|Win32.ActiveCfg = Debug|Win32
		{B6D6A2F2-40FC-4A68-91EC-5FC42F807111}.Debug|Win32.Build.0 = Debug|Win32
		{B6D6A2F2-40FC-4A68-91EC-5FC42F807111}.Release|Win32.ActiveCfg = Release|Win32
		{B6D6A2F2-40FC-4A68-91EC-5FC42F807111}.Release|Win32.Build.0 = Release|Win32
	EndGlobalSection
	GlobalSection(SolutionProperties) = preSolution
		HideSolutionNode = FALSE
	EndGlobalSection
EndGlobal
